// !$*UTF8*$!
{
	archiveVersion = 1;
	classes = {
	};
	objectVersion = 46;
	objects = {

/* Begin PBXBuildFile section */
		04B7FEDF1EB44C5A00068715 /* main.m in Sources */ = {isa = PBXBuildFile; fileRef = 04B7FEDE1EB44C5A00068715 /* main.m */; };
		04B7FEE21EB44C5A00068715 /* AppDelegate.m in Sources */ = {isa = PBXBuildFile; fileRef = 04B7FEE11EB44C5A00068715 /* AppDelegate.m */; };
		04B7FEE51EB44C5A00068715 /* ViewController.m in Sources */ = {isa = PBXBuildFile; fileRef = 04B7FEE41EB44C5A00068715 /* ViewController.m */; };
		04B7FEE81EB44C5A00068715 /* Main.storyboard in Resources */ = {isa = PBXBuildFile; fileRef = 04B7FEE61EB44C5A00068715 /* Main.storyboard */; };
		04B7FEEA1EB44C5A00068715 /* Assets.xcassets in Resources */ = {isa = PBXBuildFile; fileRef = 04B7FEE91EB44C5A00068715 /* Assets.xcassets */; };
		04B7FEED1EB44C5A00068715 /* LaunchScreen.storyboard in Resources */ = {isa = PBXBuildFile; fileRef = 04B7FEEB1EB44C5A00068715 /* LaunchScreen.storyboard */; };
		04B7FEF71EB44C9500068715 /* SwiftViewController.swift in Sources */ = {isa = PBXBuildFile; fileRef = 04B7FEF61EB44C9500068715 /* SwiftViewController.swift */; };
		04B7FEFB1EB44CC400068715 /* Util.m in Sources */ = {isa = PBXBuildFile; fileRef = 04B7FEFA1EB44CC400068715 /* Util.m */; };
/* End PBXBuildFile section */

/* Begin PBXFileReference section */
		04B7FEDA1EB44C5A00068715 /* OCMixedSwift.app */ = {isa = PBXFileReference; explicitFileType = wrapper.application; includeInIndex = 0; path = OCMixedSwift.app; sourceTree = BUILT_PRODUCTS_DIR; };
		04B7FEDE1EB44C5A00068715 /* main.m */ = {isa = PBXFileReference; lastKnownFileType = sourcecode.c.objc; path = main.m; sourceTree = "<group>"; };
		04B7FEE01EB44C5A00068715 /* AppDelegate.h */ = {isa = PBXFileReference; lastKnownFileType = sourcecode.c.h; path = AppDelegate.h; sourceTree = "<group>"; };
		04B7FEE11EB44C5A00068715 /* AppDelegate.m */ = {isa = PBXFileReference; lastKnownFileType = sourcecode.c.objc; path = AppDelegate.m; sourceTree = "<group>"; };
		04B7FEE31EB44C5A00068715 /* ViewController.h */ = {isa = PBXFileReference; lastKnownFileType = sourcecode.c.h; path = ViewController.h; sourceTree = "<group>"; };
		04B7FEE41EB44C5A00068715 /* ViewController.m */ = {isa = PBXFileReference; lastKnownFileType = sourcecode.c.objc; path = ViewController.m; sourceTree = "<group>"; };
		04B7FEE71EB44C5A00068715 /* Base */ = {isa = PBXFileReference; lastKnownFileType = file.storyboard; name = Base; path = Base.lproj/Main.storyboard; sourceTree = "<group>"; };
		04B7FEE91EB44C5A00068715 /* Assets.xcassets */ = {isa = PBXFileReference; lastKnownFileType = folder.assetcatalog; path = Assets.xcassets; sourceTree = "<group>"; };
		04B7FEEC1EB44C5A00068715 /* Base */ = {isa = PBXFileReference; lastKnownFileType = file.storyboard; name = Base; path = Base.lproj/LaunchScreen.storyboard; sourceTree = "<group>"; };
		04B7FEEE1EB44C5A00068715 /* Info.plist */ = {isa = PBXFileReference; lastKnownFileType = text.plist.xml; path = Info.plist; sourceTree = "<group>"; };
		04B7FEF51EB44C9500068715 /* OCMixedSwift-Bridging-Header.h */ = {isa = PBXFileReference; lastKnownFileType = sourcecode.c.h; path = "OCMixedSwift-Bridging-Header.h"; sourceTree = "<group>"; };
		04B7FEF61EB44C9500068715 /* SwiftViewController.swift */ = {isa = PBXFileReference; fileEncoding = 4; lastKnownFileType = sourcecode.swift; path = SwiftViewController.swift; sourceTree = "<group>"; };
		04B7FEF91EB44CC400068715 /* Util.h */ = {isa = PBXFileReference; fileEncoding = 4; lastKnownFileType = sourcecode.c.h; path = Util.h; sourceTree = "<group>"; };
		04B7FEFA1EB44CC400068715 /* Util.m */ = {isa = PBXFileReference; fileEncoding = 4; lastKnownFileType = sourcecode.c.objc; path = Util.m; sourceTree = "<group>"; };
/* End PBXFileReference section */

/* Begin PBXFrameworksBuildPhase section */
		04B7FED71EB44C5A00068715 /* Frameworks */ = {
			isa = PBXFrameworksBuildPhase;
			buildActionMask = 2147483647;
			files = (
			);
			runOnlyForDeploymentPostprocessing = 0;
		};
/* End PBXFrameworksBuildPhase section */

/* Begin PBXGroup section */
		04B7FED11EB44C5A00068715 = {
			isa = PBXGroup;
			children = (
				04B7FEF81EB44CA100068715 /* Utils */,
				04B7FEF41EB44C6C00068715 /* Swift */,
				04B7FEDC1EB44C5A00068715 /* OCMixedSwift */,
				04B7FEDB1EB44C5A00068715 /* Products */,
			);
			sourceTree = "<group>";
		};
		04B7FEDB1EB44C5A00068715 /* Products */ = {
			isa = PBXGroup;
			children = (
				04B7FEDA1EB44C5A00068715 /* OCMixedSwift.app */,
			);
			name = Products;
			sourceTree = "<group>";
		};
		04B7FEDC1EB44C5A00068715 /* OCMixedSwift */ = {
			isa = PBXGroup;
			children = (
				04B7FEE01EB44C5A00068715 /* AppDelegate.h */,
				04B7FEE11EB44C5A00068715 /* AppDelegate.m */,
				04B7FEE31EB44C5A00068715 /* ViewController.h */,
				04B7FEE41EB44C5A00068715 /* ViewController.m */,
				04B7FEE61EB44C5A00068715 /* Main.storyboard */,
				04B7FEE91EB44C5A00068715 /* Assets.xcassets */,
				04B7FEEB1EB44C5A00068715 /* LaunchScreen.storyboard */,
				04B7FEEE1EB44C5A00068715 /* Info.plist */,
				04B7FEDD1EB44C5A00068715 /* Supporting Files */,
			);
			path = OCMixedSwift;
			sourceTree = "<group>";
		};
		04B7FEDD1EB44C5A00068715 /* Supporting Files */ = {
			isa = PBXGroup;
			children = (
				04B7FEDE1EB44C5A00068715 /* main.m */,
			);
			name = "Supporting Files";
			sourceTree = "<group>";
		};
		04B7FEF41EB44C6C00068715 /* Swift */ = {
			isa = PBXGroup;
			children = (
				04B7FEF61EB44C9500068715 /* SwiftViewController.swift */,
				04B7FEF51EB44C9500068715 /* OCMixedSwift-Bridging-Header.h */,
			);
			name = Swift;
			sourceTree = "<group>";
		};
		04B7FEF81EB44CA100068715 /* Utils */ = {
			isa = PBXGroup;
			children = (
				04B7FEF91EB44CC400068715 /* Util.h */,
				04B7FEFA1EB44CC400068715 /* Util.m */,
			);
			name = Utils;
			sourceTree = "<group>";
		};
/* End PBXGroup section */

/* Begin PBXNativeTarget section */
		04B7FED91EB44C5A00068715 /* OCMixedSwift */ = {
			isa = PBXNativeTarget;
			buildConfigurationList = 04B7FEF11EB44C5A00068715 /* Build configuration list for PBXNativeTarget "OCMixedSwift" */;
			buildPhases = (
				04B7FED61EB44C5A00068715 /* Sources */,
				04B7FED71EB44C5A00068715 /* Frameworks */,
				04B7FED81EB44C5A00068715 /* Resources */,
			);
			buildRules = (
			);
			dependencies = (
			);
			name = OCMixedSwift;
			productName = OCMixedSwift;
			productReference = 04B7FEDA1EB44C5A00068715 /* OCMixedSwift.app */;
			productType = "com.apple.product-type.application";
		};
/* End PBXNativeTarget section */

/* Begin PBXProject section */
		04B7FED21EB44C5A00068715 /* Project object */ = {
			isa = PBXProject;
			attributes = {
				LastUpgradeCheck = 0830;
				ORGANIZATIONNAME = Jack;
				TargetAttributes = {
					04B7FED91EB44C5A00068715 = {
						CreatedOnToolsVersion = 8.3.2;
						DevelopmentTeam = GTVM2F95ZD;
						LastSwiftMigration = 0830;
						ProvisioningStyle = Automatic;
					};
				};
			};
			buildConfigurationList = 04B7FED51EB44C5A00068715 /* Build configuration list for PBXProject "OCMixedSwift" */;
			compatibilityVersion = "Xcode 3.2";
			developmentRegion = English;
			hasScannedForEncodings = 0;
			knownRegions = (
				en,
				Base,
			);
			mainGroup = 04B7FED11EB44C5A00068715;
			productRefGroup = 04B7FEDB1EB44C5A00068715 /* Products */;
			projectDirPath = "";
			projectRoot = "";
			targets = (
				04B7FED91EB44C5A00068715 /* OCMixedSwift */,
			);
		};
/* End PBXProject section */

/* Begin PBXResourcesBuildPhase section */
		04B7FED81EB44C5A00068715 /* Resources */ = {
			isa = PBXResourcesBuildPhase;
			buildActionMask = 2147483647;
			files = (
				04B7FEED1EB44C5A00068715 /* LaunchScreen.storyboard in Resources */,
				04B7FEEA1EB44C5A00068715 /* Assets.xcassets in Resources */,
				04B7FEE81EB44C5A00068715 /* Main.storyboard in Resources */,
			);
			runOnlyForDeploymentPostprocessing = 0;
		};
/* End PBXResourcesBuildPhase section */

/* Begin PBXSourcesBuildPhase section */
		04B7FED61EB44C5A00068715 /* Sources */ = {
			isa = PBXSourcesBuildPhase;
			buildActionMask = 2147483647;
			files = (
				04B7FEFB1EB44CC400068715 /* Util.m in Sources */,
				04B7FEF71EB44C9500068715 /* SwiftViewController.swift in Sources */,
				04B7FEE51EB44C5A00068715 /* ViewController.m in Sources */,
				04B7FEE21EB44C5A00068715 /* AppDelegate.m in Sources */,
				04B7FEDF1EB44C5A00068715 /* main.m in Sources */,
			);
			runOnlyForDeploymentPostprocessing = 0;
		};
/* End PBXSourcesBuildPhase section */

/* Begin PBXVariantGroup section */
		04B7FEE61EB44C5A00068715 /* Main.storyboard */ = {
			isa = PBXVariantGroup;
			children = (
				04B7FEE71EB44C5A00068715 /* Base */,
			);
			name = Main.storyboard;
			sourceTree = "<group>";
		};
		04B7FEEB1EB44C5A00068715 /* LaunchScreen.storyboard */ = {
			isa = PBXVariantGroup;
			children = (
				04B7FEEC1EB44C5A00068715 /* Base */,
			);
			name = LaunchScreen.storyboard;
			sourceTree = "<group>";
		};
/* End PBXVariantGroup section */

/* Begin XCBuildConfiguration section */
		04B7FEEF1EB44C5A00068715 /* Debug */ = {
			isa = XCBuildConfiguration;
			buildSettings = {
				ALWAYS_SEARCH_USER_PATHS = NO;
				CLANG_ANALYZER_NONNULL = YES;
				CLANG_ANALYZER_NUMBER_OBJECT_CONVERSION = YES_AGGRESSIVE;
				CLANG_CXX_LANGUAGE_STANDARD = "gnu++0x";
				CLANG_CXX_LIBRARY = "libc++";
				CLANG_ENABLE_MODULES = YES;
				CLANG_ENABLE_OBJC_ARC = YES;
				CLANG_WARN_BOOL_CONVERSION = YES;
				CLANG_WARN_CONSTANT_CONVERSION = YES;
				CLANG_WARN_DIRECT_OBJC_ISA_USAGE = YES_ERROR;
				CLANG_WARN_DOCUMENTATION_COMMENTS = YES;
				CLANG_WARN_EMPTY_BODY = YES;
				CLANG_WARN_ENUM_CONVERSION = YES;
				CLANG_WARN_INFINITE_RECURSION = YES;
				CLANG_WARN_INT_CONVERSION = YES;
				CLANG_WARN_OBJC_ROOT_CLASS = YES_ERROR;
				CLANG_WARN_SUSPICIOUS_MOVE = YES;
				CLANG_WARN_UNREACHABLE_CODE = YES;
				CLANG_WARN__DUPLICATE_METHOD_MATCH = YES;
				"CODE_SIGN_IDENTITY[sdk=iphoneos*]" = "iPhone Developer";
				COPY_PHASE_STRIP = NO;
				DEBUG_INFORMATION_FORMAT = dwarf;
				ENABLE_STRICT_OBJC_MSGSEND = YES;
				ENABLE_TESTABILITY = YES;
				GCC_C_LANGUAGE_STANDARD = gnu99;
				GCC_DYNAMIC_NO_PIC = NO;
				GCC_NO_COMMON_BLOCKS = YES;
				GCC_OPTIMIZATION_LEVEL = 0;
				GCC_PREPROCESSOR_DEFINITIONS = (
					"DEBUG=1",
					"$(inherited)",
				);
				GCC_WARN_64_TO_32_BIT_CONVERSION = YES;
				GCC_WARN_ABOUT_RETURN_TYPE = YES_ERROR;
				GCC_WARN_UNDECLARED_SELECTOR = YES;
				GCC_WARN_UNINITIALIZED_AUTOS = YES_AGGRESSIVE;
				GCC_WARN_UNUSED_FUNCTION = YES;
				GCC_WARN_UNUSED_VARIABLE = YES;
				IPHONEOS_DEPLOYMENT_TARGET = 10.3;
				MTL_ENABLE_DEBUG_INFO = YES;
				ONLY_ACTIVE_ARCH = YES;
				SDKROOT = iphoneos;
				TARGETED_DEVICE_FAMILY = "1,2";
			};
			name = Debug;
		};
		04B7FEF01EB44C5A00068715 /* Release */ = {
			isa = XCBuildConfiguration;
			buildSettings = {
				ALWAYS_SEARCH_USER_PATHS = NO;
				CLANG_ANALYZER_NONNULL = YES;
				CLANG_ANALYZER_NUMBER_OBJECT_CONVERSION = YES_AGGRESSIVE;
				CLANG_CXX_LANGUAGE_STANDARD = "gnu++0x";
				CLANG_CXX_LIBRARY = "libc++";
				CLANG_ENABLE_MODULES = YES;
				CLANG_ENABLE_OBJC_ARC = YES;
				CLANG_WARN_BOOL_CONVERSION = YES;
				CLANG_WARN_CONSTANT_CONVERSION = YES;
				CLANG_WARN_DIRECT_OBJC_ISA_USAGE = YES_ERROR;
				CLANG_WARN_DOCUMENTATION_COMMENTS = YES;
				CLANG_WARN_EMPTY_BODY = YES;
				CLANG_WARN_ENUM_CONVERSION = YES;
				CLANG_WARN_INFINITE_RECURSION = YES;
				CLANG_WARN_INT_CONVERSION = YES;
				CLANG_WARN_OBJC_ROOT_CLASS = YES_ERROR;
				CLANG_WARN_SUSPICIOUS_MOVE = YES;
				CLANG_WARN_UNREACHABLE_CODE = YES;
				CLANG_WARN__DUPLICATE_METHOD_MATCH = YES;
				"CODE_SIGN_IDENTITY[sdk=iphoneos*]" = "iPhone Developer";
				COPY_PHASE_STRIP = NO;
				DEBUG_INFORMATION_FORMAT = "dwarf-with-dsym";
				ENABLE_NS_ASSERTIONS = NO;
				ENABLE_STRICT_OBJC_MSGSEND = YES;
				GCC_C_LANGUAGE_STANDARD = gnu99;
				GCC_NO_COMMON_BLOCKS = YES;
				GCC_WARN_64_TO_32_BIT_CONVERSION = YES;
				GCC_WARN_ABOUT_RETURN_TYPE = YES_ERROR;
				GCC_WARN_UNDECLARED_SELECTOR = YES;
				GCC_WARN_UNINITIALIZED_AUTOS = YES_AGGRESSIVE;
				GCC_WARN_UNUSED_FUNCTION = YES;
				GCC_WARN_UNUSED_VARIABLE = YES;
				IPHONEOS_DEPLOYMENT_TARGET = 10.3;
				MTL_ENABLE_DEBUG_INFO = NO;
				SDKROOT = iphoneos;
				TARGETED_DEVICE_FAMILY = "1,2";
				VALIDATE_PRODUCT = YES;
			};
			name = Release;
		};
		04B7FEF21EB44C5A00068715 /* Debug */ = {
			isa = XCBuildConfiguration;
			buildSettings = {
				ASSETCATALOG_COMPILER_APPICON_NAME = AppIcon;
				CLANG_ENABLE_MODULES = YES;
				DEVELOPMENT_TEAM = GTVM2F95ZD;
				INFOPLIST_FILE = OCMixedSwift/Info.plist;
				LD_RUNPATH_SEARCH_PATHS = "$(inherited) @executable_path/Frameworks";
				PRODUCT_BUNDLE_IDENTIFIER = h.OCMixedSwift;
				PRODUCT_NAME = "$(TARGET_NAME)";
				SWIFT_OBJC_BRIDGING_HEADER = "OCMixedSwift-Bridging-Header.h";
				SWIFT_OPTIMIZATION_LEVEL = "-Onone";
				SWIFT_VERSION = 3.0;
			};
			name = Debug;
		};
		04B7FEF31EB44C5A00068715 /* Release */ = {
			isa = XCBuildConfiguration;
			buildSettings = {
				ASSETCATALOG_COMPILER_APPICON_NAME = AppIcon;
				CLANG_ENABLE_MODULES = YES;
				DEVELOPMENT_TEAM = GTVM2F95ZD;
				INFOPLIST_FILE = OCMixedSwift/Info.plist;
				LD_RUNPATH_SEARCH_PATHS = "$(inherited) @executable_path/Frameworks";
				PRODUCT_BUNDLE_IDENTIFIER = h.OCMixedSwift;
				PRODUCT_NAME = "$(TARGET_NAME)";
				SWIFT_OBJC_BRIDGING_HEADER = "OCMixedSwift-Bridging-Header.h";
				SWIFT_VERSION = 3.0;
			};
			name = Release;
		};
/* End XCBuildConfiguration section */

/* Begin XCConfigurationList section */
		04B7FED51EB44C5A00068715 /* Build configuration list for PBXProject "OCMixedSwift" */ = {
			isa = XCConfigurationList;
			buildConfigurations = (
				04B7FEEF1EB44C5A00068715 /* Debug */,
				04B7FEF01EB44C5A00068715 /* Release */,
			);
			defaultConfigurationIsVisible = 0;
			defaultConfigurationName = Release;
		};
		04B7FEF11EB44C5A00068715 /* Build configuration list for PBXNativeTarget "OCMixedSwift" */ = {
			isa = XCConfigurationList;
			buildConfigurations = (
				04B7FEF21EB44C5A00068715 /* Debug */,
				04B7FEF31EB44C5A00068715 /* Release */,
			);
			defaultConfigurationIsVisible = 0;
		};
/* End XCConfigurationList section */
	};
	rootObject = 04B7FED21EB44C5A00068715 /* Project object */;
}
